# THIS IS AN AUTOGENERATED FILE. DO NOT EDIT THIS FILE DIRECTLY.
# yarn lockfile v1


"@types/cli-progress@^3.4.2":
  version "3.4.2"
  resolved "https://registry.npm.taobao.org/@types/cli-progress/download/@types/cli-progress-3.4.2.tgz#03dfa3d507e9dda85ba4a14006c37e8b7094c605"
  integrity sha1-A9+j1Qfp3ahbpKFABsN+i3CUxgU=
  dependencies:
    "@types/node" "*"

"@types/node-fetch@^2.5.5":
  version "2.5.5"
  resolved "https://registry.npm.taobao.org/@types/node-fetch/download/@types/node-fetch-2.5.5.tgz?cache=0&sync_timestamp=1582589926082&other_urls=https%3A%2F%2Fregistry.npm.taobao.org%2F%40types%2Fnode-fetch%2Fdownload%2F%40types%2Fnode-fetch-2.5.5.tgz#cd264e20a81f4600a6c52864d38e7fef72485e92"
  integrity sha1-zSZOIKgfRgCmxShk045/73JIXpI=
  dependencies:
    "@types/node" "*"
    form-data "^3.0.0"

"@types/node@*", "@types/node@^13.9.0":
  version "13.9.0"
  resolved "https://registry.npm.taobao.org/@types/node/download/@types/node-13.9.0.tgz#5b6ee7a77faacddd7de719017d0bc12f52f81589"
  integrity sha1-W27np3+qzd195xkBfQvBL1L4FYk=

"@types/pretty-bytes@^5.2.0":
  version "5.2.0"
  resolved "https://registry.npm.taobao.org/@types/pretty-bytes/download/@types/pretty-bytes-5.2.0.tgz#857dcf4a21839e5bfb1c188dda62f986fdfa2348"
  integrity sha1-hX3PSiGDnlv7HBiN2mL5hv36I0g=
  dependencies:
    pretty-bytes "*"

"@types/progress@^2.0.3":
  version "2.0.3"
  resolved "https://registry.npm.taobao.org/@types/progress/download/@types/progress-2.0.3.tgz#7ccbd9c6d4d601319126c469e73b5bb90dfc8ccc"
  integrity sha1-fMvZxtTWATGRJsRp5ztbuQ38jMw=
  dependencies:
    "@types/node" "*"

"@types/tough-cookie-file-store@^1.2.0":
  version "1.2.0"
  resolved "https://registry.npm.taobao.org/@types/tough-cookie-file-store/download/@types/tough-cookie-file-store-1.2.0.tgz#4b71901ebad4c3af10685b8d6be11eab39e61977"
  integrity sha1-S3GQHrrUw68QaFuNa+EeqznmGXc=
  dependencies:
    "@types/tough-cookie" "*"

"@types/tough-cookie@*", "@types/tough-cookie@^2.3.6":
  version "2.3.6"
  resolved "https://registry.npm.taobao.org/@types/tough-cookie/download/@types/tough-cookie-2.3.6.tgz#c880579e087d7a0db13777ff8af689f4ffc7b0d5"
  integrity sha1-yIBXngh9eg2xN3f/ivaJ9P/HsNU=

ansi-regex@^3.0.0:
  version "3.0.0"
  resolved "https://registry.npm.taobao.org/ansi-regex/download/ansi-regex-3.0.0.tgz#ed0317c322064f79466c02966bddb605ab37d998"
  integrity sha1-7QMXwyIGT3lGbAKWa922Bas32Zg=

asynckit@^0.4.0:
  version "0.4.0"
  resolved "https://registry.npm.taobao.org/asynckit/download/asynckit-0.4.0.tgz#c79ed97f7f34cb8f2ba1bc9790bcc366474b4b79"
  integrity sha1-x57Zf380y48robyXkLzDZkdLS3k=

cli-progress@^3.6.0:
  version "3.6.0"
  resolved "https://registry.npm.taobao.org/cli-progress/download/cli-progress-3.6.0.tgz#20317e6a653c3e5636fb5f03a7d67cd48ebc215a"
  integrity sha1-IDF+amU8PlY2+18Dp9Z81I68IVo=
  dependencies:
    colors "^1.1.2"
    string-width "^2.1.1"

colors@^1.1.2:
  version "1.4.0"
  resolved "https://registry.npm.taobao.org/colors/download/colors-1.4.0.tgz#c50491479d4c1bdaed2c9ced32cf7c7dc2360f78"
  integrity sha1-xQSRR51MG9rtLJztMs98fcI2D3g=

combined-stream@^1.0.8:
  version "1.0.8"
  resolved "https://registry.npm.taobao.org/combined-stream/download/combined-stream-1.0.8.tgz#c3d45a8b34fd730631a110a8a2520682b31d5a7f"
  integrity sha1-w9RaizT9cwYxoRCoolIGgrMdWn8=
  dependencies:
    delayed-stream "~1.0.0"

delayed-stream@~1.0.0:
  version "1.0.0"
  resolved "https://registry.npm.taobao.org/delayed-stream/download/delayed-stream-1.0.0.tgz#df3ae199acadfb7d440aaae0b29e2272b24ec619"
  integrity sha1-3zrhmayt+31ECqrgsp4icrJOxhk=

es6-denodeify@^0.1.1:
  version "0.1.5"
  resolved "https://registry.npm.taobao.org/es6-denodeify/download/es6-denodeify-0.1.5.tgz#31d4d5fe9c5503e125460439310e16a2a3f39c1f"
  integrity sha1-MdTV/pxVA+ElRgQ5MQ4WoqPznB8=

fetch-cookie@^0.7.3:
  version "0.7.3"
  resolved "https://registry.npm.taobao.org/fetch-cookie/download/fetch-cookie-0.7.3.tgz#b8d023f421dd2b2f4a0eca9cd7318a967ed4eed8"
  integrity sha1-uNAj9CHdKy9KDsqc1zGKln7U7tg=
  dependencies:
    es6-denodeify "^0.1.1"
    tough-cookie "^2.3.3"

form-data@^3.0.0:
  version "3.0.0"
  resolved "https://registry.npm.taobao.org/form-data/download/form-data-3.0.0.tgz#31b7e39c85f1355b7139ee0c647cf0de7f83c682"
  integrity sha1-MbfjnIXxNVtxOe4MZHzw3n+DxoI=
  dependencies:
    asynckit "^0.4.0"
    combined-stream "^1.0.8"
    mime-types "^2.1.12"

ip-regex@^2.1.0:
  version "2.1.0"
  resolved "https://registry.npm.taobao.org/ip-regex/download/ip-regex-2.1.0.tgz#fa78bf5d2e6913c911ce9f819ee5146bb6d844e9"
  integrity sha1-+ni/XS5pE8kRzp+BnuUUa7bYROk=

is-fullwidth-code-point@^2.0.0:
  version "2.0.0"
  resolved "https://registry.npm.taobao.org/is-fullwidth-code-point/download/is-fullwidth-code-point-2.0.0.tgz#a3b30a5c4f199183167aaab93beefae3ddfb654f"
  integrity sha1-o7MKXE8ZkYMWeqq5O+764937ZU8=

mime-db@1.43.0:
  version "1.43.0"
  resolved "https://registry.npm.taobao.org/mime-db/download/mime-db-1.43.0.tgz?cache=0&sync_timestamp=1578281104943&other_urls=https%3A%2F%2Fregistry.npm.taobao.org%2Fmime-db%2Fdownload%2Fmime-db-1.43.0.tgz#0a12e0502650e473d735535050e7c8f4eb4fae58"
  integrity sha1-ChLgUCZQ5HPXNVNQUOfI9OtPrlg=

mime-types@^2.1.12:
  version "2.1.26"
  resolved "https://registry.npm.taobao.org/mime-types/download/mime-types-2.1.26.tgz?cache=0&sync_timestamp=1578282585871&other_urls=https%3A%2F%2Fregistry.npm.taobao.org%2Fmime-types%2Fdownload%2Fmime-types-2.1.26.tgz#9c921fc09b7e149a65dfdc0da4d20997200b0a06"
  integrity sha1-nJIfwJt+FJpl39wNpNIJlyALCgY=
  dependencies:
    mime-db "1.43.0"

node-fetch@^2.6.0:
  version "2.6.0"
  resolved "https://registry.npm.taobao.org/node-fetch/download/node-fetch-2.6.0.tgz?cache=0&sync_timestamp=1571657273203&other_urls=https%3A%2F%2Fregistry.npm.taobao.org%2Fnode-fetch%2Fdownload%2Fnode-fetch-2.6.0.tgz#e633456386d4aa55863f676a7ab0daa8fdecb0fd"
  integrity sha1-5jNFY4bUqlWGP2dqerDaqP3ssP0=

pretty-bytes@*, pretty-bytes@^5.3.0:
  version "5.3.0"
  resolved "https://registry.npm.taobao.org/pretty-bytes/download/pretty-bytes-5.3.0.tgz#f2849e27db79fb4d6cfe24764fc4134f165989f2"
  integrity sha1-8oSeJ9t5+01s/iR2T8QTTxZZifI=

progress@^2.0.3:
  version "2.0.3"
  resolved "https://registry.npm.taobao.org/progress/download/progress-2.0.3.tgz#7e8cf8d8f5b8f239c1bc68beb4eb78567d572ef8"
  integrity sha1-foz42PW48jnBvGi+tOt4Vn1XLvg=

psl@^1.1.28:
  version "1.7.0"
  resolved "https://registry.npm.taobao.org/psl/download/psl-1.7.0.tgz?cache=0&sync_timestamp=1577538558975&other_urls=https%3A%2F%2Fregistry.npm.taobao.org%2Fpsl%2Fdownload%2Fpsl-1.7.0.tgz#f1c4c47a8ef97167dea5d6bbf4816d736e884a3c"
  integrity sha1-8cTEeo75cWfepda79IFtc26ISjw=

punycode@^2.1.1:
  version "2.1.1"
  resolved "https://registry.npm.taobao.org/punycode/download/punycode-2.1.1.tgz#b58b010ac40c22c5657616c8d2c2c02c7bf479ec"
  integrity sha1-tYsBCsQMIsVldhbI0sLALHv0eew=

"qq-qr-login@file:../qq-qr-login":
  version "1.0.0"
  dependencies:
    "@types/tough-cookie" "^2.3.6"
    fetch-cookie "^0.7.3"
    node-fetch "^2.6.0"

string-width@^2.1.1:
  version "2.1.1"
  resolved "https://registry.npm.taobao.org/string-width/download/string-width-2.1.1.tgz#ab93f27a8dc13d28cac815c462143a6d9012ae9e"
  integrity sha1-q5Pyeo3BPSjKyBXEYhQ6bZASrp4=
  dependencies:
    is-fullwidth-code-point "^2.0.0"
    strip-ansi "^4.0.0"

strip-ansi@^4.0.0:
  version "4.0.0"
  resolved "https://registry.npm.taobao.org/strip-ansi/download/strip-ansi-4.0.0.tgz#a8479022eb1ac368a871389b635262c505ee368f"
  integrity sha1-qEeQIusaw2iocTibY1JixQXuNo8=
  dependencies:
    ansi-regex "^3.0.0"

tough-cookie-file-store@^1.2.0:
  version "1.2.0"
  resolved "https://registry.npm.taobao.org/tough-cookie-file-store/download/tough-cookie-file-store-1.2.0.tgz#606e217d9d32fc8fdee3b83f3df349d6657aacb2"
  integrity sha1-YG4hfZ0y/I/e47g/PfNJ1mV6rLI=
  dependencies:
    tough-cookie "^2.3.3"

tough-cookie@^2.3.3:
  version "2.5.0"
  resolved "https://registry.npm.taobao.org/tough-cookie/download/tough-cookie-2.5.0.tgz#cd9fb2a0aa1d5a12b473bd9fb96fa3dcff65ade2"
  integrity sha1-zZ+yoKodWhK0c72fuW+j3P9lreI=
  dependencies:
    psl "^1.1.28"
    punycode "^2.1.1"

tough-cookie@^3.0.1:
  version "3.0.1"
  resolved "https://registry.npm.taobao.org/tough-cookie/download/tough-cookie-3.0.1.tgz#9df4f57e739c26930a018184887f4adb7dca73b2"
  integrity sha1-nfT1fnOcJpMKAYGEiH9K233Kc7I=
  dependencies:
    ip-regex "^2.1.0"
    psl "^1.1.28"
    punycode "^2.1.1"
